
Microsoft Visual Studio Solution File, Format Version 12.00
# Visual Studio Version 17
VisualStudioVersion = 17.2.32516.85
MinimumVisualStudioVersion = 10.0.40219.1
Project("{FAE04EC0-301F-11D3-BF4B-00C04F79EFBC}") = "MainSaloon", "MainSaloon.csproj", "{6B140518-02CD-4693-B9B3-34A9374202B0}"
EndProject
Global
	GlobalSection(SolutionConfigurationPlatforms) = preSolution
		Debug|Any CPU = Debug|Any CPU
		Release|Any CPU = Release|Any CPU
	EndGlobalSection
	GlobalSection(ProjectConfigurationPlatforms) = postSolution
		{6B140518-02CD-4693-B9B3-34A9374202B0}.Debug|Any CPU.ActiveCfg = Debug|Any CPU
		{6B140518-02CD-4693-B9B3-34A9374202B0}.Debug|Any CPU.Build.0 = Debug|Any CPU
		{6B140518-02CD-4693-B9B3-34A9374202B0}.Release|Any CPU.ActiveCfg = Release|Any CPU
		{6B140518-02CD-4693-B9B3-34A9374202B0}.Release|Any CPU.Build.0 = Release|Any CPU
	EndGlobalSection
	GlobalSection(SolutionProperties) = preSolution
		HideSolutionNode = FALSE
	EndGlobalSection
	GlobalSection(ExtensibilityGlobals) = postSolution
		SolutionGuid = {4D7516F9-F084-4290-8924-3D503FB6C7EA}
	EndGlobalSection
EndGlobal
